
Microsoft Visual Studio Solution File, Format Version 12.00
# Visual Studio Version 17
VisualStudioVersion = 17.5.002.0
MinimumVisualStudioVersion = 10.0.40219.1
Project("{9A19103F-16F7-4668-BE54-9A1E7A4F7556}") = "PrimeService", "PrimeService.csproj", "{318DDB93-E155-4584-8015-F37BD791C423}"
EndProject
Global
	GlobalSection(SolutionConfigurationPlatforms) = preSolution
		Debug|Any CPU = Debug|Any CPU
		Release|Any CPU = Release|Any CPU
	EndGlobalSection
	GlobalSection(ProjectConfigurationPlatforms) = postSolution
		{318DDB93-E155-4584-8015-F37BD791C423}.Debug|Any CPU.ActiveCfg = Debug|Any CPU
		{318DDB93-E155-4584-8015-F37BD791C423}.Debug|Any CPU.Build.0 = Debug|Any CPU
		{318DDB93-E155-4584-8015-F37BD791C423}.Release|Any CPU.ActiveCfg = Release|Any CPU
		{318DDB93-E155-4584-8015-F37BD791C423}.Release|Any CPU.Build.0 = Release|Any CPU
	EndGlobalSection
	GlobalSection(SolutionProperties) = preSolution
		HideSolutionNode = FALSE
	EndGlobalSection
	GlobalSection(ExtensibilityGlobals) = postSolution
		SolutionGuid = {05AE8B1F-9EA5-4C72-BB35-EF069D2018E2}
	EndGlobalSection
EndGlobal
